
Microsoft Visual Studio Solution File, Format Version 12.00
# Visual Studio Version 17
VisualStudioVersion = 17.11.35312.102
MinimumVisualStudioVersion = 10.0.40219.1
Project("{FAE04EC0-301F-11D3-BF4B-00C04F79EFBC}") = "Car Rental", "Car Rental.csproj", "{55D9609C-2F58-452E-AE5D-E78EF1AB21F6}"
EndProject
Global
	GlobalSection(SolutionConfigurationPlatforms) = preSolution
		Debug|Any CPU = Debug|Any CPU
		Release|Any CPU = Release|Any CPU
	EndGlobalSection
	GlobalSection(ProjectConfigurationPlatforms) = postSolution
		{55D9609C-2F58-452E-AE5D-E78EF1AB21F6}.Debug|Any CPU.ActiveCfg = Debug|Any CPU
		{55D9609C-2F58-452E-AE5D-E78EF1AB21F6}.Debug|Any CPU.Build.0 = Debug|Any CPU
		{55D9609C-2F58-452E-AE5D-E78EF1AB21F6}.Release|Any CPU.ActiveCfg = Release|Any CPU
		{55D9609C-2F58-452E-AE5D-E78EF1AB21F6}.Release|Any CPU.Build.0 = Release|Any CPU
	EndGlobalSection
	GlobalSection(SolutionProperties) = preSolution
		HideSolutionNode = FALSE
	EndGlobalSection
	GlobalSection(ExtensibilityGlobals) = postSolution
		SolutionGuid = {12063027-AD37-443A-9F28-401EC9DF2ABD}
	EndGlobalSection
EndGlobal
